
Microsoft Visual Studio Solution File, Format Version 12.00
# Visual Studio Version 16
VisualStudioVersion = 16.0.30225.117
MinimumVisualStudioVersion = 10.0.40219.1
Project("{FAE04EC0-301F-11D3-BF4B-00C04F79EFBC}") = "Zadatak_1", "Zadatak_1\Zadatak_1.csproj", "{C3663B59-0C79-4128-90FB-93A7C2718EDD}"
EndProject
Global
	GlobalSection(SolutionConfigurationPlatforms) = preSolution
		Debug|Any CPU = Debug|Any CPU
		Release|Any CPU = Release|Any CPU
	EndGlobalSection
	GlobalSection(ProjectConfigurationPlatforms) = postSolution
		{C3663B59-0C79-4128-90FB-93A7C2718EDD}.Debug|Any CPU.ActiveCfg = Debug|Any CPU
		{C3663B59-0C79-4128-90FB-93A7C2718EDD}.Debug|Any CPU.Build.0 = Debug|Any CPU
		{C3663B59-0C79-4128-90FB-93A7C2718EDD}.Release|Any CPU.ActiveCfg = Release|Any CPU
		{C3663B59-0C79-4128-90FB-93A7C2718EDD}.Release|Any CPU.Build.0 = Release|Any CPU
	EndGlobalSection
	GlobalSection(SolutionProperties) = preSolution
		HideSolutionNode = FALSE
	EndGlobalSection
	GlobalSection(ExtensibilityGlobals) = postSolution
		SolutionGuid = {494EEB51-F080-4907-9DE5-FEA7A772FB08}
	EndGlobalSection
EndGlobal
